
Microsoft Visual Studio Solution File, Format Version 12.00
# Visual Studio Version 16
VisualStudioVersion = 16.0.33927.289
MinimumVisualStudioVersion = 10.0.40219.1
Project("{FAE04EC0-301F-11D3-BF4B-00C04F79EFBC}") = "Clase 5.3", "Clase 5.3\Clase 5.3.csproj", "{684C9417-5E21-43AC-B214-AE95C349A39C}"
EndProject
Global
	GlobalSection(SolutionConfigurationPlatforms) = preSolution
		Debug|Any CPU = Debug|Any CPU
		Release|Any CPU = Release|Any CPU
	EndGlobalSection
	GlobalSection(ProjectConfigurationPlatforms) = postSolution
		{684C9417-5E21-43AC-B214-AE95C349A39C}.Debug|Any CPU.ActiveCfg = Debug|Any CPU
		{684C9417-5E21-43AC-B214-AE95C349A39C}.Debug|Any CPU.Build.0 = Debug|Any CPU
		{684C9417-5E21-43AC-B214-AE95C349A39C}.Release|Any CPU.ActiveCfg = Release|Any CPU
		{684C9417-5E21-43AC-B214-AE95C349A39C}.Release|Any CPU.Build.0 = Release|Any CPU
	EndGlobalSection
	GlobalSection(SolutionProperties) = preSolution
		HideSolutionNode = FALSE
	EndGlobalSection
	GlobalSection(ExtensibilityGlobals) = postSolution
		SolutionGuid = {5361E04E-C0F8-44AD-BC08-F0F0C8779EA8}
	EndGlobalSection
EndGlobal
