
Microsoft Visual Studio Solution File, Format Version 12.00
# Visual Studio Version 16
VisualStudioVersion = 16.0.33927.289
MinimumVisualStudioVersion = 10.0.40219.1
Project("{FAE04EC0-301F-11D3-BF4B-00C04F79EFBC}") = "NumeroMayor", "NumeroMayor\NumeroMayor.csproj", "{C74473E2-3B81-4551-9165-093EA2F36657}"
EndProject
Global
	GlobalSection(SolutionConfigurationPlatforms) = preSolution
		Debug|Any CPU = Debug|Any CPU
		Release|Any CPU = Release|Any CPU
	EndGlobalSection
	GlobalSection(ProjectConfigurationPlatforms) = postSolution
		{C74473E2-3B81-4551-9165-093EA2F36657}.Debug|Any CPU.ActiveCfg = Debug|Any CPU
		{C74473E2-3B81-4551-9165-093EA2F36657}.Debug|Any CPU.Build.0 = Debug|Any CPU
		{C74473E2-3B81-4551-9165-093EA2F36657}.Release|Any CPU.ActiveCfg = Release|Any CPU
		{C74473E2-3B81-4551-9165-093EA2F36657}.Release|Any CPU.Build.0 = Release|Any CPU
	EndGlobalSection
	GlobalSection(SolutionProperties) = preSolution
		HideSolutionNode = FALSE
	EndGlobalSection
	GlobalSection(ExtensibilityGlobals) = postSolution
		SolutionGuid = {4AA2F50E-2F04-4030-938B-48A9CF1C6DFE}
	EndGlobalSection
EndGlobal
